schema: '2.0'
stages:
  preprocess:
    cmd: python scripts/preprocess.py
    deps:
    - path: ../chess_random_forest_model.joblib
      hash: md5
      md5: ad77db2d9d7ea07a4abd1d7a1a41c463
      size: 17859112
    - path: ../games.csv
      hash: md5
      md5: 22a652ce21b9ecc314b979cf6b28d463
      size: 7672655
    - path: scripts/preprocess.py
      hash: md5
      md5: db794223ed108cdff07840009a303ea9
      size: 2362
    outs:
    - path: data/processed.pkl
      hash: md5
      md5: 5efb27b9b3b34c5a8a9bbd231de852fe
      size: 505171
  train:
    cmd: python scripts/train_best.py
    deps:
    - path: data/processed.pkl
      hash: md5
      md5: 5efb27b9b3b34c5a8a9bbd231de852fe
      size: 505171
    - path: params.yaml
      hash: md5
      md5: caa55c2f5bf57c2dc5d7795da2eab268
      size: 280
    - path: scripts/train_best.py
      hash: md5
      md5: d61805eacd22bfbd6c61434235bb6d67
      size: 4535
    params:
      params.yaml:
        train.batch_size: 64
        train.dropout: 0.3
        train.epochs: 120
        train.hidden_size: 128
        train.lr: 0.0005
        train.weight_decay: 0.001
    outs:
    - path: models/best_model.pth
      hash: md5
      md5: 47d4ed3236e59bd50c0f9dc8328bb9c3
      size: 49077
  evaluate:
    cmd: python scripts/evaluate.py
    deps:
    - path: data/processed.pkl
      hash: md5
      md5: 5efb27b9b3b34c5a8a9bbd231de852fe
      size: 505171
    - path: models/best_model.pth
      hash: md5
      md5: 47d4ed3236e59bd50c0f9dc8328bb9c3
      size: 49077
    - path: params.yaml
      hash: md5
      md5: caa55c2f5bf57c2dc5d7795da2eab268
      size: 280
    - path: scripts/evaluate.py
      hash: md5
      md5: b352d414e3df5958841bed69ba7bcf96
      size: 3436
    params:
      params.yaml:
        train.dropout: 0.3
        train.hidden_size: 128
    outs:
    - path: metrics/scores.json
      hash: md5
      md5: d08e077871aa5a99bd624d1fbe9936c9
      size: 49
